
Microsoft Visual Studio Solution File, Format Version 12.00
# Visual Studio Version 16
VisualStudioVersion = 16.0.809.10
MinimumVisualStudioVersion = 10.0.40219.1
Project("{FAE04EC0-301F-11D3-BF4B-00C04F79EFBC}") = "Axemasta.SuperWebView", "Axemasta.SuperWebView\Axemasta.SuperWebView.csproj", "{73BBC8E3-42C8-40D3-BF3A-6FAE8F0C540D}"
EndProject
Project("{2150E333-8FDC-42A3-9474-1A3956D46DE8}") = "Samples", "Samples", "{7947717C-904C-48E0-A2E8-E94AF2FDE795}"
EndProject
Project("{FAE04EC0-301F-11D3-BF4B-00C04F79EFBC}") = "Axemasta.SuperWebView.Sample.Android", "Samples\Axemasta.SuperWebView.Sample.Android\Axemasta.SuperWebView.Sample.Android.csproj", "{17A614EE-50D2-49D3-9379-D2A8532007B2}"
EndProject
Project("{FAE04EC0-301F-11D3-BF4B-00C04F79EFBC}") = "Axemasta.SuperWebView.Sample.iOS", "Samples\Axemasta.SuperWebView.Sample.iOS\Axemasta.SuperWebView.Sample.iOS.csproj", "{3B828290-5C46-47BC-A78E-DA65B571676A}"
EndProject
Project("{FAE04EC0-301F-11D3-BF4B-00C04F79EFBC}") = "Axemasta.SuperWebView.Sample", "Samples\Axemasta.SuperWebView.Sample\Axemasta.SuperWebView.Sample.csproj", "{F81087F0-B9E0-4F6C-B53C-561B053FD478}"
EndProject
Global
	GlobalSection(SolutionConfigurationPlatforms) = preSolution
		Debug|Any CPU = Debug|Any CPU
		Release|Any CPU = Release|Any CPU
		Debug|iPhoneSimulator = Debug|iPhoneSimulator
		Release|iPhoneSimulator = Release|iPhoneSimulator
		Debug|iPhone = Debug|iPhone
		Release|iPhone = Release|iPhone
	EndGlobalSection
	GlobalSection(ProjectConfigurationPlatforms) = postSolution
		{73BBC8E3-42C8-40D3-BF3A-6FAE8F0C540D}.Debug|Any CPU.ActiveCfg = Debug|Any CPU
		{73BBC8E3-42C8-40D3-BF3A-6FAE8F0C540D}.Debug|Any CPU.Build.0 = Debug|Any CPU
		{73BBC8E3-42C8-40D3-BF3A-6FAE8F0C540D}.Release|Any CPU.ActiveCfg = Release|Any CPU
		{73BBC8E3-42C8-40D3-BF3A-6FAE8F0C540D}.Release|Any CPU.Build.0 = Release|Any CPU
		{73BBC8E3-42C8-40D3-BF3A-6FAE8F0C540D}.Debug|iPhoneSimulator.ActiveCfg = Debug|Any CPU
		{73BBC8E3-42C8-40D3-BF3A-6FAE8F0C540D}.Debug|iPhoneSimulator.Build.0 = Debug|Any CPU
		{73BBC8E3-42C8-40D3-BF3A-6FAE8F0C540D}.Release|iPhoneSimulator.ActiveCfg = Release|Any CPU
		{73BBC8E3-42C8-40D3-BF3A-6FAE8F0C540D}.Release|iPhoneSimulator.Build.0 = Release|Any CPU
		{73BBC8E3-42C8-40D3-BF3A-6FAE8F0C540D}.Debug|iPhone.ActiveCfg = Debug|Any CPU
		{73BBC8E3-42C8-40D3-BF3A-6FAE8F0C540D}.Debug|iPhone.Build.0 = Debug|Any CPU
		{73BBC8E3-42C8-40D3-BF3A-6FAE8F0C540D}.Release|iPhone.ActiveCfg = Release|Any CPU
		{73BBC8E3-42C8-40D3-BF3A-6FAE8F0C540D}.Release|iPhone.Build.0 = Release|Any CPU
		{17A614EE-50D2-49D3-9379-D2A8532007B2}.Debug|Any CPU.ActiveCfg = Debug|Any CPU
		{17A614EE-50D2-49D3-9379-D2A8532007B2}.Debug|Any CPU.Build.0 = Debug|Any CPU
		{17A614EE-50D2-49D3-9379-D2A8532007B2}.Release|Any CPU.ActiveCfg = Release|Any CPU
		{17A614EE-50D2-49D3-9379-D2A8532007B2}.Release|Any CPU.Build.0 = Release|Any CPU
		{17A614EE-50D2-49D3-9379-D2A8532007B2}.Debug|iPhoneSimulator.ActiveCfg = Debug|Any CPU
		{17A614EE-50D2-49D3-9379-D2A8532007B2}.Debug|iPhoneSimulator.Build.0 = Debug|Any CPU
		{17A614EE-50D2-49D3-9379-D2A8532007B2}.Release|iPhoneSimulator.ActiveCfg = Release|Any CPU
		{17A614EE-50D2-49D3-9379-D2A8532007B2}.Release|iPhoneSimulator.Build.0 = Release|Any CPU
		{17A614EE-50D2-49D3-9379-D2A8532007B2}.Debug|iPhone.ActiveCfg = Debug|Any CPU
		{17A614EE-50D2-49D3-9379-D2A8532007B2}.Debug|iPhone.Build.0 = Debug|Any CPU
		{17A614EE-50D2-49D3-9379-D2A8532007B2}.Release|iPhone.ActiveCfg = Release|Any CPU
		{17A614EE-50D2-49D3-9379-D2A8532007B2}.Release|iPhone.Build.0 = Release|Any CPU
		{3B828290-5C46-47BC-A78E-DA65B571676A}.Debug|Any CPU.ActiveCfg = Debug|iPhoneSimulator
		{3B828290-5C46-47BC-A78E-DA65B571676A}.Debug|Any CPU.Build.0 = Debug|iPhoneSimulator
		{3B828290-5C46-47BC-A78E-DA65B571676A}.Release|Any CPU.ActiveCfg = Release|iPhoneSimulator
		{3B828290-5C46-47BC-A78E-DA65B571676A}.Release|Any CPU.Build.0 = Release|iPhoneSimulator
		{3B828290-5C46-47BC-A78E-DA65B571676A}.Debug|iPhoneSimulator.ActiveCfg = Debug|iPhoneSimulator
		{3B828290-5C46-47BC-A78E-DA65B571676A}.Debug|iPhoneSimulator.Build.0 = Debug|iPhoneSimulator
		{3B828290-5C46-47BC-A78E-DA65B571676A}.Release|iPhoneSimulator.ActiveCfg = Release|iPhoneSimulator
		{3B828290-5C46-47BC-A78E-DA65B571676A}.Release|iPhoneSimulator.Build.0 = Release|iPhoneSimulator
		{3B828290-5C46-47BC-A78E-DA65B571676A}.Debug|iPhone.ActiveCfg = Debug|iPhone
		{3B828290-5C46-47BC-A78E-DA65B571676A}.Debug|iPhone.Build.0 = Debug|iPhone
		{3B828290-5C46-47BC-A78E-DA65B571676A}.Release|iPhone.ActiveCfg = Release|iPhone
		{3B828290-5C46-47BC-A78E-DA65B571676A}.Release|iPhone.Build.0 = Release|iPhone
		{F81087F0-B9E0-4F6C-B53C-561B053FD478}.Debug|Any CPU.ActiveCfg = Debug|Any CPU
		{F81087F0-B9E0-4F6C-B53C-561B053FD478}.Debug|Any CPU.Build.0 = Debug|Any CPU
		{F81087F0-B9E0-4F6C-B53C-561B053FD478}.Release|Any CPU.ActiveCfg = Release|Any CPU
		{F81087F0-B9E0-4F6C-B53C-561B053FD478}.Release|Any CPU.Build.0 = Release|Any CPU
		{F81087F0-B9E0-4F6C-B53C-561B053FD478}.Debug|iPhoneSimulator.ActiveCfg = Debug|Any CPU
		{F81087F0-B9E0-4F6C-B53C-561B053FD478}.Debug|iPhoneSimulator.Build.0 = Debug|Any CPU
		{F81087F0-B9E0-4F6C-B53C-561B053FD478}.Release|iPhoneSimulator.ActiveCfg = Release|Any CPU
		{F81087F0-B9E0-4F6C-B53C-561B053FD478}.Release|iPhoneSimulator.Build.0 = Release|Any CPU
		{F81087F0-B9E0-4F6C-B53C-561B053FD478}.Debug|iPhone.ActiveCfg = Debug|Any CPU
		{F81087F0-B9E0-4F6C-B53C-561B053FD478}.Debug|iPhone.Build.0 = Debug|Any CPU
		{F81087F0-B9E0-4F6C-B53C-561B053FD478}.Release|iPhone.ActiveCfg = Release|Any CPU
		{F81087F0-B9E0-4F6C-B53C-561B053FD478}.Release|iPhone.Build.0 = Release|Any CPU
	EndGlobalSection
	GlobalSection(SolutionProperties) = preSolution
		HideSolutionNode = FALSE
	EndGlobalSection
	GlobalSection(ExtensibilityGlobals) = postSolution
		SolutionGuid = {6A0C2E3A-2D2B-4C69-85AB-843F1365CCBA}
	EndGlobalSection
	GlobalSection(NestedProjects) = preSolution
		{17A614EE-50D2-49D3-9379-D2A8532007B2} = {7947717C-904C-48E0-A2E8-E94AF2FDE795}
		{3B828290-5C46-47BC-A78E-DA65B571676A} = {7947717C-904C-48E0-A2E8-E94AF2FDE795}
		{F81087F0-B9E0-4F6C-B53C-561B053FD478} = {7947717C-904C-48E0-A2E8-E94AF2FDE795}
	EndGlobalSection
EndGlobal
